// !$*UTF8*$!
{
	archiveVersion = 1;
	classes = {
	};
	objectVersion = 56;
	objects = {

/* Begin PBXBuildFile section */
		844940362B359DFD003A426E /* AppDelegate.swift in Sources */ = {isa = PBXBuildFile; fileRef = 844940352B359DFD003A426E /* AppDelegate.swift */; };
		844940382B359DFD003A426E /* SceneDelegate.swift in Sources */ = {isa = PBXBuildFile; fileRef = 844940372B359DFD003A426E /* SceneDelegate.swift */; };
		8449403A2B359DFD003A426E /* ViewController.swift in Sources */ = {isa = PBXBuildFile; fileRef = 844940392B359DFD003A426E /* ViewController.swift */; };
		8449403D2B359DFD003A426E /* Main.storyboard in Resources */ = {isa = PBXBuildFile; fileRef = 8449403B2B359DFD003A426E /* Main.storyboard */; };
		8449403F2B359DFE003A426E /* Assets.xcassets in Resources */ = {isa = PBXBuildFile; fileRef = 8449403E2B359DFE003A426E /* Assets.xcassets */; };
		844940422B359DFE003A426E /* LaunchScreen.storyboard in Resources */ = {isa = PBXBuildFile; fileRef = 844940402B359DFE003A426E /* LaunchScreen.storyboard */; };
		8449404D2B359DFF003A426E /* CheckWordTests.swift in Sources */ = {isa = PBXBuildFile; fileRef = 8449404C2B359DFF003A426E /* CheckWordTests.swift */; };
		844940572B359DFF003A426E /* CheckWordUITests.swift in Sources */ = {isa = PBXBuildFile; fileRef = 844940562B359DFF003A426E /* CheckWordUITests.swift */; };
		844940592B359DFF003A426E /* CheckWordUITestsLaunchTests.swift in Sources */ = {isa = PBXBuildFile; fileRef = 844940582B359DFF003A426E /* CheckWordUITestsLaunchTests.swift */; };
/* End PBXBuildFile section */

/* Begin PBXContainerItemProxy section */
		844940492B359DFF003A426E /* PBXContainerItemProxy */ = {
			isa = PBXContainerItemProxy;
			containerPortal = 8449402A2B359DFD003A426E /* Project object */;
			proxyType = 1;
			remoteGlobalIDString = 844940312B359DFD003A426E;
			remoteInfo = CheckWord;
		};
		844940532B359DFF003A426E /* PBXContainerItemProxy */ = {
			isa = PBXContainerItemProxy;
			containerPortal = 8449402A2B359DFD003A426E /* Project object */;
			proxyType = 1;
			remoteGlobalIDString = 844940312B359DFD003A426E;
			remoteInfo = CheckWord;
		};
/* End PBXContainerItemProxy section */

/* Begin PBXFileReference section */
		844940322B359DFD003A426E /* CheckWord.app */ = {isa = PBXFileReference; explicitFileType = wrapper.application; includeInIndex = 0; path = CheckWord.app; sourceTree = BUILT_PRODUCTS_DIR; };
		844940352B359DFD003A426E /* AppDelegate.swift */ = {isa = PBXFileReference; lastKnownFileType = sourcecode.swift; path = AppDelegate.swift; sourceTree = "<group>"; };
		844940372B359DFD003A426E /* SceneDelegate.swift */ = {isa = PBXFileReference; lastKnownFileType = sourcecode.swift; path = SceneDelegate.swift; sourceTree = "<group>"; };
		844940392B359DFD003A426E /* ViewController.swift */ = {isa = PBXFileReference; lastKnownFileType = sourcecode.swift; path = ViewController.swift; sourceTree = "<group>"; };
		8449403C2B359DFD003A426E /* Base */ = {isa = PBXFileReference; lastKnownFileType = file.storyboard; name = Base; path = Base.lproj/Main.storyboard; sourceTree = "<group>"; };
		8449403E2B359DFE003A426E /* Assets.xcassets */ = {isa = PBXFileReference; lastKnownFileType = folder.assetcatalog; path = Assets.xcassets; sourceTree = "<group>"; };
		844940412B359DFE003A426E /* Base */ = {isa = PBXFileReference; lastKnownFileType = file.storyboard; name = Base; path = Base.lproj/LaunchScreen.storyboard; sourceTree = "<group>"; };
		844940432B359DFE003A426E /* Info.plist */ = {isa = PBXFileReference; lastKnownFileType = text.plist.xml; path = Info.plist; sourceTree = "<group>"; };
		844940482B359DFF003A426E /* CheckWordTests.xctest */ = {isa = PBXFileReference; explicitFileType = wrapper.cfbundle; includeInIndex = 0; path = CheckWordTests.xctest; sourceTree = BUILT_PRODUCTS_DIR; };
		8449404C2B359DFF003A426E /* CheckWordTests.swift */ = {isa = PBXFileReference; lastKnownFileType = sourcecode.swift; path = CheckWordTests.swift; sourceTree = "<group>"; };
		844940522B359DFF003A426E /* CheckWordUITests.xctest */ = {isa = PBXFileReference; explicitFileType = wrapper.cfbundle; includeInIndex = 0; path = CheckWordUITests.xctest; sourceTree = BUILT_PRODUCTS_DIR; };
		844940562B359DFF003A426E /* CheckWordUITests.swift */ = {isa = PBXFileReference; lastKnownFileType = sourcecode.swift; path = CheckWordUITests.swift; sourceTree = "<group>"; };
		844940582B359DFF003A426E /* CheckWordUITestsLaunchTests.swift */ = {isa = PBXFileReference; lastKnownFileType = sourcecode.swift; path = CheckWordUITestsLaunchTests.swift; sourceTree = "<group>"; };
/* End PBXFileReference section */

/* Begin PBXFrameworksBuildPhase section */
		8449402F2B359DFD003A426E /* Frameworks */ = {
			isa = PBXFrameworksBuildPhase;
			buildActionMask = 2147483647;
			files = (
			);
			runOnlyForDeploymentPostprocessing = 0;
		};
		844940452B359DFF003A426E /* Frameworks */ = {
			isa = PBXFrameworksBuildPhase;
			buildActionMask = 2147483647;
			files = (
			);
			runOnlyForDeploymentPostprocessing = 0;
		};
		8449404F2B359DFF003A426E /* Frameworks */ = {
			isa = PBXFrameworksBuildPhase;
			buildActionMask = 2147483647;
			files = (
			);
			runOnlyForDeploymentPostprocessing = 0;
		};
/* End PBXFrameworksBuildPhase section */

/* Begin PBXGroup section */
		844940292B359DFD003A426E = {
			isa = PBXGroup;
			children = (
				844940342B359DFD003A426E /* CheckWord */,
				8449404B2B359DFF003A426E /* CheckWordTests */,
				844940552B359DFF003A426E /* CheckWordUITests */,
				844940332B359DFD003A426E /* Products */,
			);
			sourceTree = "<group>";
		};
		844940332B359DFD003A426E /* Products */ = {
			isa = PBXGroup;
			children = (
				844940322B359DFD003A426E /* CheckWord.app */,
				844940482B359DFF003A426E /* CheckWordTests.xctest */,
				844940522B359DFF003A426E /* CheckWordUITests.xctest */,
			);
			name = Products;
			sourceTree = "<group>";
		};
		844940342B359DFD003A426E /* CheckWord */ = {
			isa = PBXGroup;
			children = (
				844940352B359DFD003A426E /* AppDelegate.swift */,
				844940372B359DFD003A426E /* SceneDelegate.swift */,
				844940392B359DFD003A426E /* ViewController.swift */,
				8449403B2B359DFD003A426E /* Main.storyboard */,
				8449403E2B359DFE003A426E /* Assets.xcassets */,
				844940402B359DFE003A426E /* LaunchScreen.storyboard */,
				844940432B359DFE003A426E /* Info.plist */,
			);
			path = CheckWord;
			sourceTree = "<group>";
		};
		8449404B2B359DFF003A426E /* CheckWordTests */ = {
			isa = PBXGroup;
			children = (
				8449404C2B359DFF003A426E /* CheckWordTests.swift */,
			);
			path = CheckWordTests;
			sourceTree = "<group>";
		};
		844940552B359DFF003A426E /* CheckWordUITests */ = {
			isa = PBXGroup;
			children = (
				844940562B359DFF003A426E /* CheckWordUITests.swift */,
				844940582B359DFF003A426E /* CheckWordUITestsLaunchTests.swift */,
			);
			path = CheckWordUITests;
			sourceTree = "<group>";
		};
/* End PBXGroup section */

/* Begin PBXNativeTarget section */
		844940312B359DFD003A426E /* CheckWord */ = {
			isa = PBXNativeTarget;
			buildConfigurationList = 8449405C2B359DFF003A426E /* Build configuration list for PBXNativeTarget "CheckWord" */;
			buildPhases = (
				8449402E2B359DFD003A426E /* Sources */,
				8449402F2B359DFD003A426E /* Frameworks */,
				844940302B359DFD003A426E /* Resources */,
			);
			buildRules = (
			);
			dependencies = (
			);
			name = CheckWord;
			productName = CheckWord;
			productReference = 844940322B359DFD003A426E /* CheckWord.app */;
			productType = "com.apple.product-type.application";
		};
		844940472B359DFF003A426E /* CheckWordTests */ = {
			isa = PBXNativeTarget;
			buildConfigurationList = 8449405F2B359DFF003A426E /* Build configuration list for PBXNativeTarget "CheckWordTests" */;
			buildPhases = (
				844940442B359DFF003A426E /* Sources */,
				844940452B359DFF003A426E /* Frameworks */,
				844940462B359DFF003A426E /* Resources */,
			);
			buildRules = (
			);
			dependencies = (
				8449404A2B359DFF003A426E /* PBXTargetDependency */,
			);
			name = CheckWordTests;
			productName = CheckWordTests;
			productReference = 844940482B359DFF003A426E /* CheckWordTests.xctest */;
			productType = "com.apple.product-type.bundle.unit-test";
		};
		844940512B359DFF003A426E /* CheckWordUITests */ = {
			isa = PBXNativeTarget;
			buildConfigurationList = 844940622B359DFF003A426E /* Build configuration list for PBXNativeTarget "CheckWordUITests" */;
			buildPhases = (
				8449404E2B359DFF003A426E /* Sources */,
				8449404F2B359DFF003A426E /* Frameworks */,
				844940502B359DFF003A426E /* Resources */,
			);
			buildRules = (
			);
			dependencies = (
				844940542B359DFF003A426E /* PBXTargetDependency */,
			);
			name = CheckWordUITests;
			productName = CheckWordUITests;
			productReference = 844940522B359DFF003A426E /* CheckWordUITests.xctest */;
			productType = "com.apple.product-type.bundle.ui-testing";
		};
/* End PBXNativeTarget section */

/* Begin PBXProject section */
		8449402A2B359DFD003A426E /* Project object */ = {
			isa = PBXProject;
			attributes = {
				BuildIndependentTargetsInParallel = 1;
				LastSwiftUpdateCheck = 1430;
				LastUpgradeCheck = 1430;
				TargetAttributes = {
					844940312B359DFD003A426E = {
						CreatedOnToolsVersion = 14.3.1;
					};
					844940472B359DFF003A426E = {
						CreatedOnToolsVersion = 14.3.1;
						TestTargetID = 844940312B359DFD003A426E;
					};
					844940512B359DFF003A426E = {
						CreatedOnToolsVersion = 14.3.1;
						TestTargetID = 844940312B359DFD003A426E;
					};
				};
			};
			buildConfigurationList = 8449402D2B359DFD003A426E /* Build configuration list for PBXProject "CheckWord" */;
			compatibilityVersion = "Xcode 14.0";
			developmentRegion = en;
			hasScannedForEncodings = 0;
			knownRegions = (
				en,
				Base,
			);
			mainGroup = 844940292B359DFD003A426E;
			productRefGroup = 844940332B359DFD003A426E /* Products */;
			projectDirPath = "";
			projectRoot = "";
			targets = (
				844940312B359DFD003A426E /* CheckWord */,
				844940472B359DFF003A426E /* CheckWordTests */,
				844940512B359DFF003A426E /* CheckWordUITests */,
			);
		};
/* End PBXProject section */

/* Begin PBXResourcesBuildPhase section */
		844940302B359DFD003A426E /* Resources */ = {
			isa = PBXResourcesBuildPhase;
			buildActionMask = 2147483647;
			files = (
				844940422B359DFE003A426E /* LaunchScreen.storyboard in Resources */,
				8449403F2B359DFE003A426E /* Assets.xcassets in Resources */,
				8449403D2B359DFD003A426E /* Main.storyboard in Resources */,
			);
			runOnlyForDeploymentPostprocessing = 0;
		};
		844940462B359DFF003A426E /* Resources */ = {
			isa = PBXResourcesBuildPhase;
			buildActionMask = 2147483647;
			files = (
			);
			runOnlyForDeploymentPostprocessing = 0;
		};
		844940502B359DFF003A426E /* Resources */ = {
			isa = PBXResourcesBuildPhase;
			buildActionMask = 2147483647;
			files = (
			);
			runOnlyForDeploymentPostprocessing = 0;
		};
/* End PBXResourcesBuildPhase section */

/* Begin PBXSourcesBuildPhase section */
		8449402E2B359DFD003A426E /* Sources */ = {
			isa = PBXSourcesBuildPhase;
			buildActionMask = 2147483647;
			files = (
				8449403A2B359DFD003A426E /* ViewController.swift in Sources */,
				844940362B359DFD003A426E /* AppDelegate.swift in Sources */,
				844940382B359DFD003A426E /* SceneDelegate.swift in Sources */,
			);
			runOnlyForDeploymentPostprocessing = 0;
		};
		844940442B359DFF003A426E /* Sources */ = {
			isa = PBXSourcesBuildPhase;
			buildActionMask = 2147483647;
			files = (
				8449404D2B359DFF003A426E /* CheckWordTests.swift in Sources */,
			);
			runOnlyForDeploymentPostprocessing = 0;
		};
		8449404E2B359DFF003A426E /* Sources */ = {
			isa = PBXSourcesBuildPhase;
			buildActionMask = 2147483647;
			files = (
				844940572B359DFF003A426E /* CheckWordUITests.swift in Sources */,
				844940592B359DFF003A426E /* CheckWordUITestsLaunchTests.swift in Sources */,
			);
			runOnlyForDeploymentPostprocessing = 0;
		};
/* End PBXSourcesBuildPhase section */

/* Begin PBXTargetDependency section */
		8449404A2B359DFF003A426E /* PBXTargetDependency */ = {
			isa = PBXTargetDependency;
			target = 844940312B359DFD003A426E /* CheckWord */;
			targetProxy = 844940492B359DFF003A426E /* PBXContainerItemProxy */;
		};
		844940542B359DFF003A426E /* PBXTargetDependency */ = {
			isa = PBXTargetDependency;
			target = 844940312B359DFD003A426E /* CheckWord */;
			targetProxy = 844940532B359DFF003A426E /* PBXContainerItemProxy */;
		};
/* End PBXTargetDependency section */

/* Begin PBXVariantGroup section */
		8449403B2B359DFD003A426E /* Main.storyboard */ = {
			isa = PBXVariantGroup;
			children = (
				8449403C2B359DFD003A426E /* Base */,
			);
			name = Main.storyboard;
			sourceTree = "<group>";
		};
		844940402B359DFE003A426E /* LaunchScreen.storyboard */ = {
			isa = PBXVariantGroup;
			children = (
				844940412B359DFE003A426E /* Base */,
			);
			name = LaunchScreen.storyboard;
			sourceTree = "<group>";
		};
/* End PBXVariantGroup section */

/* Begin XCBuildConfiguration section */
		8449405A2B359DFF003A426E /* Debug */ = {
			isa = XCBuildConfiguration;
			buildSettings = {
				ALWAYS_SEARCH_USER_PATHS = NO;
				CLANG_ANALYZER_NONNULL = YES;
				CLANG_ANALYZER_NUMBER_OBJECT_CONVERSION = YES_AGGRESSIVE;
				CLANG_CXX_LANGUAGE_STANDARD = "gnu++20";
				CLANG_ENABLE_MODULES = YES;
				CLANG_ENABLE_OBJC_ARC = YES;
				CLANG_ENABLE_OBJC_WEAK = YES;
				CLANG_WARN_BLOCK_CAPTURE_AUTORELEASING = YES;
				CLANG_WARN_BOOL_CONVERSION = YES;
				CLANG_WARN_COMMA = YES;
				CLANG_WARN_CONSTANT_CONVERSION = YES;
				CLANG_WARN_DEPRECATED_OBJC_IMPLEMENTATIONS = YES;
				CLANG_WARN_DIRECT_OBJC_ISA_USAGE = YES_ERROR;
				CLANG_WARN_DOCUMENTATION_COMMENTS = YES;
				CLANG_WARN_EMPTY_BODY = YES;
				CLANG_WARN_ENUM_CONVERSION = YES;
				CLANG_WARN_INFINITE_RECURSION = YES;
				CLANG_WARN_INT_CONVERSION = YES;
				CLANG_WARN_NON_LITERAL_NULL_CONVERSION = YES;
				CLANG_WARN_OBJC_IMPLICIT_RETAIN_SELF = YES;
				CLANG_WARN_OBJC_LITERAL_CONVERSION = YES;
				CLANG_WARN_OBJC_ROOT_CLASS = YES_ERROR;
				CLANG_WARN_QUOTED_INCLUDE_IN_FRAMEWORK_HEADER = YES;
				CLANG_WARN_RANGE_LOOP_ANALYSIS = YES;
				CLANG_WARN_STRICT_PROTOTYPES = YES;
				CLANG_WARN_SUSPICIOUS_MOVE = YES;
				CLANG_WARN_UNGUARDED_AVAILABILITY = YES_AGGRESSIVE;
				CLANG_WARN_UNREACHABLE_CODE = YES;
				CLANG_WARN__DUPLICATE_METHOD_MATCH = YES;
				COPY_PHASE_STRIP = NO;
				DEBUG_INFORMATION_FORMAT = dwarf;
				ENABLE_STRICT_OBJC_MSGSEND = YES;
				ENABLE_TESTABILITY = YES;
				GCC_C_LANGUAGE_STANDARD = gnu11;
				GCC_DYNAMIC_NO_PIC = NO;
				GCC_NO_COMMON_BLOCKS = YES;
				GCC_OPTIMIZATION_LEVEL = 0;
				GCC_PREPROCESSOR_DEFINITIONS = (
					"DEBUG=1",
					"$(inherited)",
				);
				GCC_WARN_64_TO_32_BIT_CONVERSION = YES;
				GCC_WARN_ABOUT_RETURN_TYPE = YES_ERROR;
				GCC_WARN_UNDECLARED_SELECTOR = YES;
				GCC_WARN_UNINITIALIZED_AUTOS = YES_AGGRESSIVE;
				GCC_WARN_UNUSED_FUNCTION = YES;
				GCC_WARN_UNUSED_VARIABLE = YES;
				IPHONEOS_DEPLOYMENT_TARGET = 16.4;
				MTL_ENABLE_DEBUG_INFO = INCLUDE_SOURCE;
				MTL_FAST_MATH = YES;
				ONLY_ACTIVE_ARCH = YES;
				SDKROOT = iphoneos;
				SWIFT_ACTIVE_COMPILATION_CONDITIONS = DEBUG;
				SWIFT_OPTIMIZATION_LEVEL = "-Onone";
			};
			name = Debug;
		};
		8449405B2B359DFF003A426E /* Release */ = {
			isa = XCBuildConfiguration;
			buildSettings = {
				ALWAYS_SEARCH_USER_PATHS = NO;
				CLANG_ANALYZER_NONNULL = YES;
				CLANG_ANALYZER_NUMBER_OBJECT_CONVERSION = YES_AGGRESSIVE;
				CLANG_CXX_LANGUAGE_STANDARD = "gnu++20";
				CLANG_ENABLE_MODULES = YES;
				CLANG_ENABLE_OBJC_ARC = YES;
				CLANG_ENABLE_OBJC_WEAK = YES;
				CLANG_WARN_BLOCK_CAPTURE_AUTORELEASING = YES;
				CLANG_WARN_BOOL_CONVERSION = YES;
				CLANG_WARN_COMMA = YES;
				CLANG_WARN_CONSTANT_CONVERSION = YES;
				CLANG_WARN_DEPRECATED_OBJC_IMPLEMENTATIONS = YES;
				CLANG_WARN_DIRECT_OBJC_ISA_USAGE = YES_ERROR;
				CLANG_WARN_DOCUMENTATION_COMMENTS = YES;
				CLANG_WARN_EMPTY_BODY = YES;
				CLANG_WARN_ENUM_CONVERSION = YES;
				CLANG_WARN_INFINITE_RECURSION = YES;
				CLANG_WARN_INT_CONVERSION = YES;
				CLANG_WARN_NON_LITERAL_NULL_CONVERSION = YES;
				CLANG_WARN_OBJC_IMPLICIT_RETAIN_SELF = YES;
				CLANG_WARN_OBJC_LITERAL_CONVERSION = YES;
				CLANG_WARN_OBJC_ROOT_CLASS = YES_ERROR;
				CLANG_WARN_QUOTED_INCLUDE_IN_FRAMEWORK_HEADER = YES;
				CLANG_WARN_RANGE_LOOP_ANALYSIS = YES;
				CLANG_WARN_STRICT_PROTOTYPES = YES;
				CLANG_WARN_SUSPICIOUS_MOVE = YES;
				CLANG_WARN_UNGUARDED_AVAILABILITY = YES_AGGRESSIVE;
				CLANG_WARN_UNREACHABLE_CODE = YES;
				CLANG_WARN__DUPLICATE_METHOD_MATCH = YES;
				COPY_PHASE_STRIP = NO;
				DEBUG_INFORMATION_FORMAT = "dwarf-with-dsym";
				ENABLE_NS_ASSERTIONS = NO;
				ENABLE_STRICT_OBJC_MSGSEND = YES;
				GCC_C_LANGUAGE_STANDARD = gnu11;
				GCC_NO_COMMON_BLOCKS = YES;
				GCC_WARN_64_TO_32_BIT_CONVERSION = YES;
				GCC_WARN_ABOUT_RETURN_TYPE = YES_ERROR;
				GCC_WARN_UNDECLARED_SELECTOR = YES;
				GCC_WARN_UNINITIALIZED_AUTOS = YES_AGGRESSIVE;
				GCC_WARN_UNUSED_FUNCTION = YES;
				GCC_WARN_UNUSED_VARIABLE = YES;
				IPHONEOS_DEPLOYMENT_TARGET = 16.4;
				MTL_ENABLE_DEBUG_INFO = NO;
				MTL_FAST_MATH = YES;
				SDKROOT = iphoneos;
				SWIFT_COMPILATION_MODE = wholemodule;
				SWIFT_OPTIMIZATION_LEVEL = "-O";
				VALIDATE_PRODUCT = YES;
			};
			name = Release;
		};
		8449405D2B359DFF003A426E /* Debug */ = {
			isa = XCBuildConfiguration;
			buildSettings = {
				ASSETCATALOG_COMPILER_APPICON_NAME = AppIcon;
				ASSETCATALOG_COMPILER_GLOBAL_ACCENT_COLOR_NAME = AccentColor;
				CODE_SIGN_STYLE = Automatic;
				CURRENT_PROJECT_VERSION = 1;
				DEVELOPMENT_TEAM = S96K5NZ7N7;
				GENERATE_INFOPLIST_FILE = YES;
				INFOPLIST_FILE = CheckWord/Info.plist;
				INFOPLIST_KEY_UIApplicationSupportsIndirectInputEvents = YES;
				INFOPLIST_KEY_UILaunchStoryboardName = LaunchScreen;
				INFOPLIST_KEY_UIMainStoryboardFile = Main;
				INFOPLIST_KEY_UISupportedInterfaceOrientations_iPad = "UIInterfaceOrientationPortrait UIInterfaceOrientationPortraitUpsideDown UIInterfaceOrientationLandscapeLeft UIInterfaceOrientationLandscapeRight";
				INFOPLIST_KEY_UISupportedInterfaceOrientations_iPhone = "UIInterfaceOrientationPortrait UIInterfaceOrientationLandscapeLeft UIInterfaceOrientationLandscapeRight";
				LD_RUNPATH_SEARCH_PATHS = (
					"$(inherited)",
					"@executable_path/Frameworks",
				);
				MARKETING_VERSION = 1.0;
				PRODUCT_BUNDLE_IDENTIFIER = com.yin.CheckWord;
				PRODUCT_NAME = "$(TARGET_NAME)";
				SWIFT_EMIT_LOC_STRINGS = YES;
				SWIFT_VERSION = 5.0;
				TARGETED_DEVICE_FAMILY = "1,2";
			};
			name = Debug;
		};
		8449405E2B359DFF003A426E /* Release */ = {
			isa = XCBuildConfiguration;
			buildSettings = {
				ASSETCATALOG_COMPILER_APPICON_NAME = AppIcon;
				ASSETCATALOG_COMPILER_GLOBAL_ACCENT_COLOR_NAME = AccentColor;
				CODE_SIGN_STYLE = Automatic;
				CURRENT_PROJECT_VERSION = 1;
				DEVELOPMENT_TEAM = S96K5NZ7N7;
				GENERATE_INFOPLIST_FILE = YES;
				INFOPLIST_FILE = CheckWord/Info.plist;
				INFOPLIST_KEY_UIApplicationSupportsIndirectInputEvents = YES;
				INFOPLIST_KEY_UILaunchStoryboardName = LaunchScreen;
				INFOPLIST_KEY_UIMainStoryboardFile = Main;
				INFOPLIST_KEY_UISupportedInterfaceOrientations_iPad = "UIInterfaceOrientationPortrait UIInterfaceOrientationPortraitUpsideDown UIInterfaceOrientationLandscapeLeft UIInterfaceOrientationLandscapeRight";
				INFOPLIST_KEY_UISupportedInterfaceOrientations_iPhone = "UIInterfaceOrientationPortrait UIInterfaceOrientationLandscapeLeft UIInterfaceOrientationLandscapeRight";
				LD_RUNPATH_SEARCH_PATHS = (
					"$(inherited)",
					"@executable_path/Frameworks",
				);
				MARKETING_VERSION = 1.0;
				PRODUCT_BUNDLE_IDENTIFIER = com.yin.CheckWord;
				PRODUCT_NAME = "$(TARGET_NAME)";
				SWIFT_EMIT_LOC_STRINGS = YES;
				SWIFT_VERSION = 5.0;
				TARGETED_DEVICE_FAMILY = "1,2";
			};
			name = Release;
		};
		844940602B359DFF003A426E /* Debug */ = {
			isa = XCBuildConfiguration;
			buildSettings = {
				ALWAYS_EMBED_SWIFT_STANDARD_LIBRARIES = YES;
				BUNDLE_LOADER = "$(TEST_HOST)";
				CODE_SIGN_STYLE = Automatic;
				CURRENT_PROJECT_VERSION = 1;
				DEVELOPMENT_TEAM = S96K5NZ7N7;
				GENERATE_INFOPLIST_FILE = YES;
				IPHONEOS_DEPLOYMENT_TARGET = 16.4;
				MARKETING_VERSION = 1.0;
				PRODUCT_BUNDLE_IDENTIFIER = com.yin.CheckWordTests;
				PRODUCT_NAME = "$(TARGET_NAME)";
				SWIFT_EMIT_LOC_STRINGS = NO;
				SWIFT_VERSION = 5.0;
				TARGETED_DEVICE_FAMILY = "1,2";
				TEST_HOST = "$(BUILT_PRODUCTS_DIR)/CheckWord.app/$(BUNDLE_EXECUTABLE_FOLDER_PATH)/CheckWord";
			};
			name = Debug;
		};
		844940612B359DFF003A426E /* Release */ = {
			isa = XCBuildConfiguration;
			buildSettings = {
				ALWAYS_EMBED_SWIFT_STANDARD_LIBRARIES = YES;
				BUNDLE_LOADER = "$(TEST_HOST)";
				CODE_SIGN_STYLE = Automatic;
				CURRENT_PROJECT_VERSION = 1;
				DEVELOPMENT_TEAM = S96K5NZ7N7;
				GENERATE_INFOPLIST_FILE = YES;
				IPHONEOS_DEPLOYMENT_TARGET = 16.4;
				MARKETING_VERSION = 1.0;
				PRODUCT_BUNDLE_IDENTIFIER = com.yin.CheckWordTests;
				PRODUCT_NAME = "$(TARGET_NAME)";
				SWIFT_EMIT_LOC_STRINGS = NO;
				SWIFT_VERSION = 5.0;
				TARGETED_DEVICE_FAMILY = "1,2";
				TEST_HOST = "$(BUILT_PRODUCTS_DIR)/CheckWord.app/$(BUNDLE_EXECUTABLE_FOLDER_PATH)/CheckWord";
			};
			name = Release;
		};
		844940632B359DFF003A426E /* Debug */ = {
			isa = XCBuildConfiguration;
			buildSettings = {
				ALWAYS_EMBED_SWIFT_STANDARD_LIBRARIES = YES;
				CODE_SIGN_STYLE = Automatic;
				CURRENT_PROJECT_VERSION = 1;
				DEVELOPMENT_TEAM = S96K5NZ7N7;
				GENERATE_INFOPLIST_FILE = YES;
				MARKETING_VERSION = 1.0;
				PRODUCT_BUNDLE_IDENTIFIER = com.yin.CheckWordUITests;
				PRODUCT_NAME = "$(TARGET_NAME)";
				SWIFT_EMIT_LOC_STRINGS = NO;
				SWIFT_VERSION = 5.0;
				TARGETED_DEVICE_FAMILY = "1,2";
				TEST_TARGET_NAME = CheckWord;
			};
			name = Debug;
		};
		844940642B359DFF003A426E /* Release */ = {
			isa = XCBuildConfiguration;
			buildSettings = {
				ALWAYS_EMBED_SWIFT_STANDARD_LIBRARIES = YES;
				CODE_SIGN_STYLE = Automatic;
				CURRENT_PROJECT_VERSION = 1;
				DEVELOPMENT_TEAM = S96K5NZ7N7;
				GENERATE_INFOPLIST_FILE = YES;
				MARKETING_VERSION = 1.0;
				PRODUCT_BUNDLE_IDENTIFIER = com.yin.CheckWordUITests;
				PRODUCT_NAME = "$(TARGET_NAME)";
				SWIFT_EMIT_LOC_STRINGS = NO;
				SWIFT_VERSION = 5.0;
				TARGETED_DEVICE_FAMILY = "1,2";
				TEST_TARGET_NAME = CheckWord;
			};
			name = Release;
		};
/* End XCBuildConfiguration section */

/* Begin XCConfigurationList section */
		8449402D2B359DFD003A426E /* Build configuration list for PBXProject "CheckWord" */ = {
			isa = XCConfigurationList;
			buildConfigurations = (
				8449405A2B359DFF003A426E /* Debug */,
				8449405B2B359DFF003A426E /* Release */,
			);
			defaultConfigurationIsVisible = 0;
			defaultConfigurationName = Release;
		};
		8449405C2B359DFF003A426E /* Build configuration list for PBXNativeTarget "CheckWord" */ = {
			isa = XCConfigurationList;
			buildConfigurations = (
				8449405D2B359DFF003A426E /* Debug */,
				8449405E2B359DFF003A426E /* Release */,
			);
			defaultConfigurationIsVisible = 0;
			defaultConfigurationName = Release;
		};
		8449405F2B359DFF003A426E /* Build configuration list for PBXNativeTarget "CheckWordTests" */ = {
			isa = XCConfigurationList;
			buildConfigurations = (
				844940602B359DFF003A426E /* Debug */,
				844940612B359DFF003A426E /* Release */,
			);
			defaultConfigurationIsVisible = 0;
			defaultConfigurationName = Release;
		};
		844940622B359DFF003A426E /* Build configuration list for PBXNativeTarget "CheckWordUITests" */ = {
			isa = XCConfigurationList;
			buildConfigurations = (
				844940632B359DFF003A426E /* Debug */,
				844940642B359DFF003A426E /* Release */,
			);
			defaultConfigurationIsVisible = 0;
			defaultConfigurationName = Release;
		};
/* End XCConfigurationList section */
	};
	rootObject = 8449402A2B359DFD003A426E /* Project object */;
}
